
Microsoft Visual Studio Solution File, Format Version 12.00
# Visual Studio Version 17
VisualStudioVersion = 17.2.32526.322
MinimumVisualStudioVersion = 10.0.40219.1
Project("{FAE04EC0-301F-11D3-BF4B-00C04F79EFBC}") = "CaseStudy2022", "CaseStudy2022\CaseStudy2022.csproj", "{427E8F0D-7FC1-4797-8DAA-EFC2E6EE00DC}"
EndProject
Global
	GlobalSection(SolutionConfigurationPlatforms) = preSolution
		Debug|Any CPU = Debug|Any CPU
		Release|Any CPU = Release|Any CPU
	EndGlobalSection
	GlobalSection(ProjectConfigurationPlatforms) = postSolution
		{427E8F0D-7FC1-4797-8DAA-EFC2E6EE00DC}.Debug|Any CPU.ActiveCfg = Debug|Any CPU
		{427E8F0D-7FC1-4797-8DAA-EFC2E6EE00DC}.Debug|Any CPU.Build.0 = Debug|Any CPU
		{427E8F0D-7FC1-4797-8DAA-EFC2E6EE00DC}.Release|Any CPU.ActiveCfg = Release|Any CPU
		{427E8F0D-7FC1-4797-8DAA-EFC2E6EE00DC}.Release|Any CPU.Build.0 = Release|Any CPU
	EndGlobalSection
	GlobalSection(SolutionProperties) = preSolution
		HideSolutionNode = FALSE
	EndGlobalSection
	GlobalSection(ExtensibilityGlobals) = postSolution
		SolutionGuid = {5C1BC634-BD5E-4223-AF3A-B87F803A2E3C}
	EndGlobalSection
EndGlobal
